
Microsoft Visual Studio Solution File, Format Version 12.00
# Visual Studio 15
VisualStudioVersion = 15.0.28010.2041
MinimumVisualStudioVersion = 10.0.40219.1
Project("{FAE04EC0-301F-11D3-BF4B-00C04F79EFBC}") = "BethanysPieShop", "BethanysPieShop\BethanysPieShop.csproj", "{3E879DDB-F8D9-468C-8B8A-A0637523E2DE}"
EndProject
Global
	GlobalSection(SolutionConfigurationPlatforms) = preSolution
		Debug|Any CPU = Debug|Any CPU
		Release|Any CPU = Release|Any CPU
	EndGlobalSection
	GlobalSection(ProjectConfigurationPlatforms) = postSolution
		{3E879DDB-F8D9-468C-8B8A-A0637523E2DE}.Debug|Any CPU.ActiveCfg = Debug|Any CPU
		{3E879DDB-F8D9-468C-8B8A-A0637523E2DE}.Debug|Any CPU.Build.0 = Debug|Any CPU
		{3E879DDB-F8D9-468C-8B8A-A0637523E2DE}.Release|Any CPU.ActiveCfg = Release|Any CPU
		{3E879DDB-F8D9-468C-8B8A-A0637523E2DE}.Release|Any CPU.Build.0 = Release|Any CPU
	EndGlobalSection
	GlobalSection(SolutionProperties) = preSolution
		HideSolutionNode = FALSE
	EndGlobalSection
	GlobalSection(ExtensibilityGlobals) = postSolution
		SolutionGuid = {5EA0D1D4-44A5-446A-98D9-1C97AC438829}
	EndGlobalSection
EndGlobal
